{
  "name": "mern-stack-workshop",
  "version": "1.0.0",
  "lockfileVersion": 3,
  "requires": true,
  "packages": {
    "": {
      "name": "mern-stack-workshop",
      "version": "1.0.0",
      "license": "ISC",
      "dependencies": {
        "mern-stack-workshop": "file:"
      }
    },
    "node_modules/mern-stack-workshop": {
      "resolved": "",
      "link": true
    }
  }
}
